// !$*UTF8*$!
{
	archiveVersion = 1;
	classes = {
	};
	objectVersion = 46;
	objects = {

/* Begin PBXBuildFile section */
		09E1F4F23FF4C7F4426C8970 /* Pods_STiOS.framework in Frameworks */ = {isa = PBXBuildFile; fileRef = 578DAEF0AAD5738B28D11EC8 /* Pods_STiOS.framework */; };
		4115E6D61E2D5B4A0068C139 /* BTDiscoveryViewController.swift in Sources */ = {isa = PBXBuildFile; fileRef = 4115E6D51E2D5B4A0068C139 /* BTDiscoveryViewController.swift */; };
		4115E6D81E2D5B980068C139 /* BTServiceCharaterictics.swift in Sources */ = {isa = PBXBuildFile; fileRef = 4115E6D71E2D5B980068C139 /* BTServiceCharaterictics.swift */; };
		484DACCF1DFA793E000EFFB6 /* AppDelegate.swift in Sources */ = {isa = PBXBuildFile; fileRef = 484DACCE1DFA793E000EFFB6 /* AppDelegate.swift */; };
		484DACD11DFA793E000EFFB6 /* art.scnassets in Resources */ = {isa = PBXBuildFile; fileRef = 484DACD01DFA793E000EFFB6 /* art.scnassets */; };
		484DACD31DFA793E000EFFB6 /* GameViewController.swift in Sources */ = {isa = PBXBuildFile; fileRef = 484DACD21DFA793E000EFFB6 /* GameViewController.swift */; };
		484DACD61DFA793E000EFFB6 /* Main.storyboard in Resources */ = {isa = PBXBuildFile; fileRef = 484DACD41DFA793E000EFFB6 /* Main.storyboard */; };
		484DACD81DFA793E000EFFB6 /* Assets.xcassets in Resources */ = {isa = PBXBuildFile; fileRef = 484DACD71DFA793E000EFFB6 /* Assets.xcassets */; };
		484DACDB1DFA793E000EFFB6 /* LaunchScreen.storyboard in Resources */ = {isa = PBXBuildFile; fileRef = 484DACD91DFA793E000EFFB6 /* LaunchScreen.storyboard */; };
		484DACE61DFA793E000EFFB6 /* STiOSTests.swift in Sources */ = {isa = PBXBuildFile; fileRef = 484DACE51DFA793E000EFFB6 /* STiOSTests.swift */; };
		484DACF11DFA793E000EFFB6 /* STiOSUITests.swift in Sources */ = {isa = PBXBuildFile; fileRef = 484DACF01DFA793E000EFFB6 /* STiOSUITests.swift */; };
		61B4E72D1C2E8CA845C0AFC8 /* Pods_STiOSUITests.framework in Frameworks */ = {isa = PBXBuildFile; fileRef = 2D9BAEE5F2AEA66E963EA66C /* Pods_STiOSUITests.framework */; };
		80C51E4D4E0FD4C194A27A93 /* Pods_STiOSTests.framework in Frameworks */ = {isa = PBXBuildFile; fileRef = 9A48305B080F999B74209310 /* Pods_STiOSTests.framework */; };
		DD31DF9C1E0397C400D9F112 /* GoogleService-Info.plist in Resources */ = {isa = PBXBuildFile; fileRef = DD31DF9B1E0397C400D9F112 /* GoogleService-Info.plist */; };
		DD31DFA11E039B6F00D9F112 /* AddNewPatientViewController.swift in Sources */ = {isa = PBXBuildFile; fileRef = DD31DF9D1E039B6F00D9F112 /* AddNewPatientViewController.swift */; };
		DD31DFA21E039B6F00D9F112 /* PatientListViewController.swift in Sources */ = {isa = PBXBuildFile; fileRef = DD31DF9E1E039B6F00D9F112 /* PatientListViewController.swift */; };
		DD31DFA31E039B6F00D9F112 /* RegistrationViewController.swift in Sources */ = {isa = PBXBuildFile; fileRef = DD31DF9F1E039B6F00D9F112 /* RegistrationViewController.swift */; };
		DD31DFA41E039B6F00D9F112 /* SignInViewController.swift in Sources */ = {isa = PBXBuildFile; fileRef = DD31DFA01E039B6F00D9F112 /* SignInViewController.swift */; };
		DD921F5A1E08B29300F50554 /* Protocols.swift in Sources */ = {isa = PBXBuildFile; fileRef = DD921F591E08B29300F50554 /* Protocols.swift */; };
		DDA956691E312DFC00ABD16D /* SessionTabBarController.swift in Sources */ = {isa = PBXBuildFile; fileRef = DDA956681E312DFC00ABD16D /* SessionTabBarController.swift */; };
		DDA9566D1E359C7D00ABD16D /* ExercisePickerViewController.swift in Sources */ = {isa = PBXBuildFile; fileRef = DDA9566C1E359C7D00ABD16D /* ExercisePickerViewController.swift */; };
/* End PBXBuildFile section */

/* Begin PBXContainerItemProxy section */
		484DACE21DFA793E000EFFB6 /* PBXContainerItemProxy */ = {
			isa = PBXContainerItemProxy;
			containerPortal = 484DACC31DFA793D000EFFB6 /* Project object */;
			proxyType = 1;
			remoteGlobalIDString = 484DACCA1DFA793D000EFFB6;
			remoteInfo = STiOS;
		};
		484DACED1DFA793E000EFFB6 /* PBXContainerItemProxy */ = {
			isa = PBXContainerItemProxy;
			containerPortal = 484DACC31DFA793D000EFFB6 /* Project object */;
			proxyType = 1;
			remoteGlobalIDString = 484DACCA1DFA793D000EFFB6;
			remoteInfo = STiOS;
		};
/* End PBXContainerItemProxy section */

/* Begin PBXFileReference section */
		0D4BC1DE34083E3C0DBED030 /* Pods-STiOSUITests.release.xcconfig */ = {isa = PBXFileReference; includeInIndex = 1; lastKnownFileType = text.xcconfig; name = "Pods-STiOSUITests.release.xcconfig"; path = "Pods/Target Support Files/Pods-STiOSUITests/Pods-STiOSUITests.release.xcconfig"; sourceTree = "<group>"; };
		136EFC97ACA905E434908F9B /* Pods-STiOS.release.xcconfig */ = {isa = PBXFileReference; includeInIndex = 1; lastKnownFileType = text.xcconfig; name = "Pods-STiOS.release.xcconfig"; path = "Pods/Target Support Files/Pods-STiOS/Pods-STiOS.release.xcconfig"; sourceTree = "<group>"; };
		2D9BAEE5F2AEA66E963EA66C /* Pods_STiOSUITests.framework */ = {isa = PBXFileReference; explicitFileType = wrapper.framework; includeInIndex = 0; path = Pods_STiOSUITests.framework; sourceTree = BUILT_PRODUCTS_DIR; };
		4115E6D51E2D5B4A0068C139 /* BTDiscoveryViewController.swift */ = {isa = PBXFileReference; fileEncoding = 4; lastKnownFileType = sourcecode.swift; path = BTDiscoveryViewController.swift; sourceTree = "<group>"; };
		4115E6D71E2D5B980068C139 /* BTServiceCharaterictics.swift */ = {isa = PBXFileReference; fileEncoding = 4; lastKnownFileType = sourcecode.swift; path = BTServiceCharaterictics.swift; sourceTree = "<group>"; };
		484DACCB1DFA793E000EFFB6 /* STiOS.app */ = {isa = PBXFileReference; explicitFileType = wrapper.application; includeInIndex = 0; path = STiOS.app; sourceTree = BUILT_PRODUCTS_DIR; };
		484DACCE1DFA793E000EFFB6 /* AppDelegate.swift */ = {isa = PBXFileReference; lastKnownFileType = sourcecode.swift; path = AppDelegate.swift; sourceTree = "<group>"; };
		484DACD01DFA793E000EFFB6 /* art.scnassets */ = {isa = PBXFileReference; lastKnownFileType = wrapper.scnassets; path = art.scnassets; sourceTree = "<group>"; };
		484DACD21DFA793E000EFFB6 /* GameViewController.swift */ = {isa = PBXFileReference; lastKnownFileType = sourcecode.swift; path = GameViewController.swift; sourceTree = "<group>"; };
		484DACD51DFA793E000EFFB6 /* Base */ = {isa = PBXFileReference; lastKnownFileType = file.storyboard; name = Base; path = Base.lproj/Main.storyboard; sourceTree = "<group>"; };
		484DACD71DFA793E000EFFB6 /* Assets.xcassets */ = {isa = PBXFileReference; lastKnownFileType = folder.assetcatalog; path = Assets.xcassets; sourceTree = "<group>"; };
		484DACDA1DFA793E000EFFB6 /* Base */ = {isa = PBXFileReference; lastKnownFileType = file.storyboard; name = Base; path = Base.lproj/LaunchScreen.storyboard; sourceTree = "<group>"; };
		484DACDC1DFA793E000EFFB6 /* Info.plist */ = {isa = PBXFileReference; lastKnownFileType = text.plist.xml; path = Info.plist; sourceTree = "<group>"; };
		484DACE11DFA793E000EFFB6 /* STiOSTests.xctest */ = {isa = PBXFileReference; explicitFileType = wrapper.cfbundle; includeInIndex = 0; path = STiOSTests.xctest; sourceTree = BUILT_PRODUCTS_DIR; };
		484DACE51DFA793E000EFFB6 /* STiOSTests.swift */ = {isa = PBXFileReference; lastKnownFileType = sourcecode.swift; path = STiOSTests.swift; sourceTree = "<group>"; };
		484DACE71DFA793E000EFFB6 /* Info.plist */ = {isa = PBXFileReference; lastKnownFileType = text.plist.xml; path = Info.plist; sourceTree = "<group>"; };
		484DACEC1DFA793E000EFFB6 /* STiOSUITests.xctest */ = {isa = PBXFileReference; explicitFileType = wrapper.cfbundle; includeInIndex = 0; path = STiOSUITests.xctest; sourceTree = BUILT_PRODUCTS_DIR; };
		484DACF01DFA793E000EFFB6 /* STiOSUITests.swift */ = {isa = PBXFileReference; lastKnownFileType = sourcecode.swift; path = STiOSUITests.swift; sourceTree = "<group>"; };
		484DACF21DFA793E000EFFB6 /* Info.plist */ = {isa = PBXFileReference; lastKnownFileType = text.plist.xml; path = Info.plist; sourceTree = "<group>"; };
		4B04BE26897E0C21D465643E /* Pods-STiOSTests.release.xcconfig */ = {isa = PBXFileReference; includeInIndex = 1; lastKnownFileType = text.xcconfig; name = "Pods-STiOSTests.release.xcconfig"; path = "Pods/Target Support Files/Pods-STiOSTests/Pods-STiOSTests.release.xcconfig"; sourceTree = "<group>"; };
		5657F5746F2FCF6964D70834 /* Pods-STiOSTests.debug.xcconfig */ = {isa = PBXFileReference; includeInIndex = 1; lastKnownFileType = text.xcconfig; name = "Pods-STiOSTests.debug.xcconfig"; path = "Pods/Target Support Files/Pods-STiOSTests/Pods-STiOSTests.debug.xcconfig"; sourceTree = "<group>"; };
		578DAEF0AAD5738B28D11EC8 /* Pods_STiOS.framework */ = {isa = PBXFileReference; explicitFileType = wrapper.framework; includeInIndex = 0; path = Pods_STiOS.framework; sourceTree = BUILT_PRODUCTS_DIR; };
		9A48305B080F999B74209310 /* Pods_STiOSTests.framework */ = {isa = PBXFileReference; explicitFileType = wrapper.framework; includeInIndex = 0; path = Pods_STiOSTests.framework; sourceTree = BUILT_PRODUCTS_DIR; };
		B50B608218BCFF9B639B1350 /* Pods-STiOSUITests.debug.xcconfig */ = {isa = PBXFileReference; includeInIndex = 1; lastKnownFileType = text.xcconfig; name = "Pods-STiOSUITests.debug.xcconfig"; path = "Pods/Target Support Files/Pods-STiOSUITests/Pods-STiOSUITests.debug.xcconfig"; sourceTree = "<group>"; };
		CD12A4DFB1E5F9F56E26D187 /* Pods-STiOS.debug.xcconfig */ = {isa = PBXFileReference; includeInIndex = 1; lastKnownFileType = text.xcconfig; name = "Pods-STiOS.debug.xcconfig"; path = "Pods/Target Support Files/Pods-STiOS/Pods-STiOS.debug.xcconfig"; sourceTree = "<group>"; };
		DD31DF9B1E0397C400D9F112 /* GoogleService-Info.plist */ = {isa = PBXFileReference; fileEncoding = 4; lastKnownFileType = text.plist.xml; path = "GoogleService-Info.plist"; sourceTree = "<group>"; };
		DD31DF9D1E039B6F00D9F112 /* AddNewPatientViewController.swift */ = {isa = PBXFileReference; fileEncoding = 4; lastKnownFileType = sourcecode.swift; path = AddNewPatientViewController.swift; sourceTree = "<group>"; };
		DD31DF9E1E039B6F00D9F112 /* PatientListViewController.swift */ = {isa = PBXFileReference; fileEncoding = 4; lastKnownFileType = sourcecode.swift; path = PatientListViewController.swift; sourceTree = "<group>"; };
		DD31DF9F1E039B6F00D9F112 /* RegistrationViewController.swift */ = {isa = PBXFileReference; fileEncoding = 4; lastKnownFileType = sourcecode.swift; path = RegistrationViewController.swift; sourceTree = "<group>"; };
		DD31DFA01E039B6F00D9F112 /* SignInViewController.swift */ = {isa = PBXFileReference; fileEncoding = 4; lastKnownFileType = sourcecode.swift; path = SignInViewController.swift; sourceTree = "<group>"; };
		DD921F591E08B29300F50554 /* Protocols.swift */ = {isa = PBXFileReference; fileEncoding = 4; lastKnownFileType = sourcecode.swift; path = Protocols.swift; sourceTree = "<group>"; };
		DDA956681E312DFC00ABD16D /* SessionTabBarController.swift */ = {isa = PBXFileReference; fileEncoding = 4; lastKnownFileType = sourcecode.swift; path = SessionTabBarController.swift; sourceTree = "<group>"; };
		DDA9566C1E359C7D00ABD16D /* ExercisePickerViewController.swift */ = {isa = PBXFileReference; fileEncoding = 4; lastKnownFileType = sourcecode.swift; path = ExercisePickerViewController.swift; sourceTree = "<group>"; };
/* End PBXFileReference section */

/* Begin PBXFrameworksBuildPhase section */
		484DACC81DFA793D000EFFB6 /* Frameworks */ = {
			isa = PBXFrameworksBuildPhase;
			buildActionMask = 2147483647;
			files = (
				09E1F4F23FF4C7F4426C8970 /* Pods_STiOS.framework in Frameworks */,
			);
			runOnlyForDeploymentPostprocessing = 0;
		};
		484DACDE1DFA793E000EFFB6 /* Frameworks */ = {
			isa = PBXFrameworksBuildPhase;
			buildActionMask = 2147483647;
			files = (
				80C51E4D4E0FD4C194A27A93 /* Pods_STiOSTests.framework in Frameworks */,
			);
			runOnlyForDeploymentPostprocessing = 0;
		};
		484DACE91DFA793E000EFFB6 /* Frameworks */ = {
			isa = PBXFrameworksBuildPhase;
			buildActionMask = 2147483647;
			files = (
				61B4E72D1C2E8CA845C0AFC8 /* Pods_STiOSUITests.framework in Frameworks */,
			);
			runOnlyForDeploymentPostprocessing = 0;
		};
/* End PBXFrameworksBuildPhase section */

/* Begin PBXGroup section */
		3CF65EA10B9209E1DF817C87 /* Frameworks */ = {
			isa = PBXGroup;
			children = (
				578DAEF0AAD5738B28D11EC8 /* Pods_STiOS.framework */,
				9A48305B080F999B74209310 /* Pods_STiOSTests.framework */,
				2D9BAEE5F2AEA66E963EA66C /* Pods_STiOSUITests.framework */,
			);
			name = Frameworks;
			sourceTree = "<group>";
		};
		484DACC21DFA793D000EFFB6 = {
			isa = PBXGroup;
			children = (
				484DACCD1DFA793E000EFFB6 /* STiOS */,
				484DACE41DFA793E000EFFB6 /* STiOSTests */,
				484DACEF1DFA793E000EFFB6 /* STiOSUITests */,
				484DACCC1DFA793E000EFFB6 /* Products */,
				AE3E58D7AD2F3D75EF956DBA /* Pods */,
				3CF65EA10B9209E1DF817C87 /* Frameworks */,
			);
			sourceTree = "<group>";
		};
		484DACCC1DFA793E000EFFB6 /* Products */ = {
			isa = PBXGroup;
			children = (
				484DACCB1DFA793E000EFFB6 /* STiOS.app */,
				484DACE11DFA793E000EFFB6 /* STiOSTests.xctest */,
				484DACEC1DFA793E000EFFB6 /* STiOSUITests.xctest */,
			);
			name = Products;
			sourceTree = "<group>";
		};
		484DACCD1DFA793E000EFFB6 /* STiOS */ = {
			isa = PBXGroup;
			children = (
				484DACCE1DFA793E000EFFB6 /* AppDelegate.swift */,
				484DACD01DFA793E000EFFB6 /* art.scnassets */,
				484DACD21DFA793E000EFFB6 /* GameViewController.swift */,
				484DACD41DFA793E000EFFB6 /* Main.storyboard */,
				4115E6D51E2D5B4A0068C139 /* BTDiscoveryViewController.swift */,
				4115E6D71E2D5B980068C139 /* BTServiceCharaterictics.swift */,
				484DACD71DFA793E000EFFB6 /* Assets.xcassets */,
				DD31DF9D1E039B6F00D9F112 /* AddNewPatientViewController.swift */,
				DD921F591E08B29300F50554 /* Protocols.swift */,
				DD31DF9E1E039B6F00D9F112 /* PatientListViewController.swift */,
				DDA956681E312DFC00ABD16D /* SessionTabBarController.swift */,
				DD31DF9F1E039B6F00D9F112 /* RegistrationViewController.swift */,
				DD31DFA01E039B6F00D9F112 /* SignInViewController.swift */,
				DDA9566C1E359C7D00ABD16D /* ExercisePickerViewController.swift */,
				484DACD91DFA793E000EFFB6 /* LaunchScreen.storyboard */,
				DD31DF9B1E0397C400D9F112 /* GoogleService-Info.plist */,
				484DACDC1DFA793E000EFFB6 /* Info.plist */,
			);
			path = STiOS;
			sourceTree = "<group>";
		};
		484DACE41DFA793E000EFFB6 /* STiOSTests */ = {
			isa = PBXGroup;
			children = (
				484DACE51DFA793E000EFFB6 /* STiOSTests.swift */,
				484DACE71DFA793E000EFFB6 /* Info.plist */,
			);
			path = STiOSTests;
			sourceTree = "<group>";
		};
		484DACEF1DFA793E000EFFB6 /* STiOSUITests */ = {
			isa = PBXGroup;
			children = (
				484DACF01DFA793E000EFFB6 /* STiOSUITests.swift */,
				484DACF21DFA793E000EFFB6 /* Info.plist */,
			);
			path = STiOSUITests;
			sourceTree = "<group>";
		};
		AE3E58D7AD2F3D75EF956DBA /* Pods */ = {
			isa = PBXGroup;
			children = (
				CD12A4DFB1E5F9F56E26D187 /* Pods-STiOS.debug.xcconfig */,
				136EFC97ACA905E434908F9B /* Pods-STiOS.release.xcconfig */,
				5657F5746F2FCF6964D70834 /* Pods-STiOSTests.debug.xcconfig */,
				4B04BE26897E0C21D465643E /* Pods-STiOSTests.release.xcconfig */,
				B50B608218BCFF9B639B1350 /* Pods-STiOSUITests.debug.xcconfig */,
				0D4BC1DE34083E3C0DBED030 /* Pods-STiOSUITests.release.xcconfig */,
			);
			name = Pods;
			sourceTree = "<group>";
		};
/* End PBXGroup section */

/* Begin PBXNativeTarget section */
		484DACCA1DFA793D000EFFB6 /* STiOS */ = {
			isa = PBXNativeTarget;
			buildConfigurationList = 484DACF51DFA793E000EFFB6 /* Build configuration list for PBXNativeTarget "STiOS" */;
			buildPhases = (
				EB0ECD3E4B454C46BE6ADE44 /* [CP] Check Pods Manifest.lock */,
				484DACC71DFA793D000EFFB6 /* Sources */,
				484DACC81DFA793D000EFFB6 /* Frameworks */,
				484DACC91DFA793D000EFFB6 /* Resources */,
				5C9F4CBA57712D0B584C8608 /* [CP] Embed Pods Frameworks */,
				0F18F0FF860232ECC4A18C46 /* [CP] Copy Pods Resources */,
			);
			buildRules = (
			);
			dependencies = (
			);
			name = STiOS;
			productName = STiOS;
			productReference = 484DACCB1DFA793E000EFFB6 /* STiOS.app */;
			productType = "com.apple.product-type.application";
		};
		484DACE01DFA793E000EFFB6 /* STiOSTests */ = {
			isa = PBXNativeTarget;
			buildConfigurationList = 484DACF81DFA793E000EFFB6 /* Build configuration list for PBXNativeTarget "STiOSTests" */;
			buildPhases = (
				E84ED4AC17266AE09084976A /* [CP] Check Pods Manifest.lock */,
				484DACDD1DFA793E000EFFB6 /* Sources */,
				484DACDE1DFA793E000EFFB6 /* Frameworks */,
				484DACDF1DFA793E000EFFB6 /* Resources */,
				B691137176B34961A224435C /* [CP] Embed Pods Frameworks */,
				1C497B474C3D899210D0B688 /* [CP] Copy Pods Resources */,
			);
			buildRules = (
			);
			dependencies = (
				484DACE31DFA793E000EFFB6 /* PBXTargetDependency */,
			);
			name = STiOSTests;
			productName = STiOSTests;
			productReference = 484DACE11DFA793E000EFFB6 /* STiOSTests.xctest */;
			productType = "com.apple.product-type.bundle.unit-test";
		};
		484DACEB1DFA793E000EFFB6 /* STiOSUITests */ = {
			isa = PBXNativeTarget;
			buildConfigurationList = 484DACFB1DFA793E000EFFB6 /* Build configuration list for PBXNativeTarget "STiOSUITests" */;
			buildPhases = (
				46C8ECF2E668650A1ACA1748 /* [CP] Check Pods Manifest.lock */,
				484DACE81DFA793E000EFFB6 /* Sources */,
				484DACE91DFA793E000EFFB6 /* Frameworks */,
				484DACEA1DFA793E000EFFB6 /* Resources */,
				22C19CDB28B074664A25B718 /* [CP] Embed Pods Frameworks */,
				9332CC15EB245DABEF784813 /* [CP] Copy Pods Resources */,
			);
			buildRules = (
			);
			dependencies = (
				484DACEE1DFA793E000EFFB6 /* PBXTargetDependency */,
			);
			name = STiOSUITests;
			productName = STiOSUITests;
			productReference = 484DACEC1DFA793E000EFFB6 /* STiOSUITests.xctest */;
			productType = "com.apple.product-type.bundle.ui-testing";
		};
/* End PBXNativeTarget section */

/* Begin PBXProject section */
		484DACC31DFA793D000EFFB6 /* Project object */ = {
			isa = PBXProject;
			attributes = {
				LastSwiftUpdateCheck = 0810;
				LastUpgradeCheck = 0820;
				ORGANIZATIONNAME = "ECE 4600 G09";
				TargetAttributes = {
					484DACCA1DFA793D000EFFB6 = {
						CreatedOnToolsVersion = 8.1;
						DevelopmentTeam = 4QW9YEN74F;
						ProvisioningStyle = Automatic;
					};
					484DACE01DFA793E000EFFB6 = {
						CreatedOnToolsVersion = 8.1;
						ProvisioningStyle = Automatic;
						TestTargetID = 484DACCA1DFA793D000EFFB6;
					};
					484DACEB1DFA793E000EFFB6 = {
						CreatedOnToolsVersion = 8.1;
						ProvisioningStyle = Automatic;
						TestTargetID = 484DACCA1DFA793D000EFFB6;
					};
				};
			};
			buildConfigurationList = 484DACC61DFA793D000EFFB6 /* Build configuration list for PBXProject "STiOS" */;
			compatibilityVersion = "Xcode 3.2";
			developmentRegion = English;
			hasScannedForEncodings = 0;
			knownRegions = (
				en,
				Base,
			);
			mainGroup = 484DACC21DFA793D000EFFB6;
			productRefGroup = 484DACCC1DFA793E000EFFB6 /* Products */;
			projectDirPath = "";
			projectRoot = "";
			targets = (
				484DACCA1DFA793D000EFFB6 /* STiOS */,
				484DACE01DFA793E000EFFB6 /* STiOSTests */,
				484DACEB1DFA793E000EFFB6 /* STiOSUITests */,
			);
		};
/* End PBXProject section */

/* Begin PBXResourcesBuildPhase section */
		484DACC91DFA793D000EFFB6 /* Resources */ = {
			isa = PBXResourcesBuildPhase;
			buildActionMask = 2147483647;
			files = (
				484DACD11DFA793E000EFFB6 /* art.scnassets in Resources */,
				484DACDB1DFA793E000EFFB6 /* LaunchScreen.storyboard in Resources */,
				DD31DF9C1E0397C400D9F112 /* GoogleService-Info.plist in Resources */,
				484DACD81DFA793E000EFFB6 /* Assets.xcassets in Resources */,
				484DACD61DFA793E000EFFB6 /* Main.storyboard in Resources */,
			);
			runOnlyForDeploymentPostprocessing = 0;
		};
		484DACDF1DFA793E000EFFB6 /* Resources */ = {
			isa = PBXResourcesBuildPhase;
			buildActionMask = 2147483647;
			files = (
			);
			runOnlyForDeploymentPostprocessing = 0;
		};
		484DACEA1DFA793E000EFFB6 /* Resources */ = {
			isa = PBXResourcesBuildPhase;
			buildActionMask = 2147483647;
			files = (
			);
			runOnlyForDeploymentPostprocessing = 0;
		};
/* End PBXResourcesBuildPhase section */

/* Begin PBXShellScriptBuildPhase section */
		0F18F0FF860232ECC4A18C46 /* [CP] Copy Pods Resources */ = {
			isa = PBXShellScriptBuildPhase;
			buildActionMask = 2147483647;
			files = (
			);
			inputPaths = (
			);
			name = "[CP] Copy Pods Resources";
			outputPaths = (
			);
			runOnlyForDeploymentPostprocessing = 0;
			shellPath = /bin/sh;
			shellScript = "\"${SRCROOT}/Pods/Target Support Files/Pods-STiOS/Pods-STiOS-resources.sh\"\n";
			showEnvVarsInLog = 0;
		};
		1C497B474C3D899210D0B688 /* [CP] Copy Pods Resources */ = {
			isa = PBXShellScriptBuildPhase;
			buildActionMask = 2147483647;
			files = (
			);
			inputPaths = (
			);
			name = "[CP] Copy Pods Resources";
			outputPaths = (
			);
			runOnlyForDeploymentPostprocessing = 0;
			shellPath = /bin/sh;
			shellScript = "\"${SRCROOT}/Pods/Target Support Files/Pods-STiOSTests/Pods-STiOSTests-resources.sh\"\n";
			showEnvVarsInLog = 0;
		};
		22C19CDB28B074664A25B718 /* [CP] Embed Pods Frameworks */ = {
			isa = PBXShellScriptBuildPhase;
			buildActionMask = 2147483647;
			files = (
			);
			inputPaths = (
			);
			name = "[CP] Embed Pods Frameworks";
			outputPaths = (
			);
			runOnlyForDeploymentPostprocessing = 0;
			shellPath = /bin/sh;
			shellScript = "\"${SRCROOT}/Pods/Target Support Files/Pods-STiOSUITests/Pods-STiOSUITests-frameworks.sh\"\n";
			showEnvVarsInLog = 0;
		};
		46C8ECF2E668650A1ACA1748 /* [CP] Check Pods Manifest.lock */ = {
			isa = PBXShellScriptBuildPhase;
			buildActionMask = 2147483647;
			files = (
			);
			inputPaths = (
			);
			name = "[CP] Check Pods Manifest.lock";
			outputPaths = (
			);
			runOnlyForDeploymentPostprocessing = 0;
			shellPath = /bin/sh;
			shellScript = "diff \"${PODS_ROOT}/../Podfile.lock\" \"${PODS_ROOT}/Manifest.lock\" > /dev/null\nif [ $? != 0 ] ; then\n    # print error to STDERR\n    echo \"error: The sandbox is not in sync with the Podfile.lock. Run 'pod install' or update your CocoaPods installation.\" >&2\n    exit 1\nfi\n";
			showEnvVarsInLog = 0;
		};
		5C9F4CBA57712D0B584C8608 /* [CP] Embed Pods Frameworks */ = {
			isa = PBXShellScriptBuildPhase;
			buildActionMask = 2147483647;
			files = (
			);
			inputPaths = (
			);
			name = "[CP] Embed Pods Frameworks";
			outputPaths = (
			);
			runOnlyForDeploymentPostprocessing = 0;
			shellPath = /bin/sh;
			shellScript = "\"${SRCROOT}/Pods/Target Support Files/Pods-STiOS/Pods-STiOS-frameworks.sh\"\n";
			showEnvVarsInLog = 0;
		};
		9332CC15EB245DABEF784813 /* [CP] Copy Pods Resources */ = {
			isa = PBXShellScriptBuildPhase;
			buildActionMask = 2147483647;
			files = (
			);
			inputPaths = (
			);
			name = "[CP] Copy Pods Resources";
			outputPaths = (
			);
			runOnlyForDeploymentPostprocessing = 0;
			shellPath = /bin/sh;
			shellScript = "\"${SRCROOT}/Pods/Target Support Files/Pods-STiOSUITests/Pods-STiOSUITests-resources.sh\"\n";
			showEnvVarsInLog = 0;
		};
		B691137176B34961A224435C /* [CP] Embed Pods Frameworks */ = {
			isa = PBXShellScriptBuildPhase;
			buildActionMask = 2147483647;
			files = (
			);
			inputPaths = (
			);
			name = "[CP] Embed Pods Frameworks";
			outputPaths = (
			);
			runOnlyForDeploymentPostprocessing = 0;
			shellPath = /bin/sh;
			shellScript = "\"${SRCROOT}/Pods/Target Support Files/Pods-STiOSTests/Pods-STiOSTests-frameworks.sh\"\n";
			showEnvVarsInLog = 0;
		};
		E84ED4AC17266AE09084976A /* [CP] Check Pods Manifest.lock */ = {
			isa = PBXShellScriptBuildPhase;
			buildActionMask = 2147483647;
			files = (
			);
			inputPaths = (
			);
			name = "[CP] Check Pods Manifest.lock";
			outputPaths = (
			);
			runOnlyForDeploymentPostprocessing = 0;
			shellPath = /bin/sh;
			shellScript = "diff \"${PODS_ROOT}/../Podfile.lock\" \"${PODS_ROOT}/Manifest.lock\" > /dev/null\nif [ $? != 0 ] ; then\n    # print error to STDERR\n    echo \"error: The sandbox is not in sync with the Podfile.lock. Run 'pod install' or update your CocoaPods installation.\" >&2\n    exit 1\nfi\n";
			showEnvVarsInLog = 0;
		};
		EB0ECD3E4B454C46BE6ADE44 /* [CP] Check Pods Manifest.lock */ = {
			isa = PBXShellScriptBuildPhase;
			buildActionMask = 2147483647;
			files = (
			);
			inputPaths = (
			);
			name = "[CP] Check Pods Manifest.lock";
			outputPaths = (
			);
			runOnlyForDeploymentPostprocessing = 0;
			shellPath = /bin/sh;
			shellScript = "diff \"${PODS_ROOT}/../Podfile.lock\" \"${PODS_ROOT}/Manifest.lock\" > /dev/null\nif [ $? != 0 ] ; then\n    # print error to STDERR\n    echo \"error: The sandbox is not in sync with the Podfile.lock. Run 'pod install' or update your CocoaPods installation.\" >&2\n    exit 1\nfi\n";
			showEnvVarsInLog = 0;
		};
/* End PBXShellScriptBuildPhase section */

/* Begin PBXSourcesBuildPhase section */
		484DACC71DFA793D000EFFB6 /* Sources */ = {
			isa = PBXSourcesBuildPhase;
			buildActionMask = 2147483647;
			files = (
				484DACD31DFA793E000EFFB6 /* GameViewController.swift in Sources */,
				484DACCF1DFA793E000EFFB6 /* AppDelegate.swift in Sources */,
				DD921F5A1E08B29300F50554 /* Protocols.swift in Sources */,
				DD31DFA41E039B6F00D9F112 /* SignInViewController.swift in Sources */,
				DDA956691E312DFC00ABD16D /* SessionTabBarController.swift in Sources */,
				DDA9566D1E359C7D00ABD16D /* ExercisePickerViewController.swift in Sources */,
				DD31DFA21E039B6F00D9F112 /* PatientListViewController.swift in Sources */,
				4115E6D81E2D5B980068C139 /* BTServiceCharaterictics.swift in Sources */,
				4115E6D61E2D5B4A0068C139 /* BTDiscoveryViewController.swift in Sources */,
				DD31DFA11E039B6F00D9F112 /* AddNewPatientViewController.swift in Sources */,
				DD31DFA31E039B6F00D9F112 /* RegistrationViewController.swift in Sources */,
			);
			runOnlyForDeploymentPostprocessing = 0;
		};
		484DACDD1DFA793E000EFFB6 /* Sources */ = {
			isa = PBXSourcesBuildPhase;
			buildActionMask = 2147483647;
			files = (
				484DACE61DFA793E000EFFB6 /* STiOSTests.swift in Sources */,
			);
			runOnlyForDeploymentPostprocessing = 0;
		};
		484DACE81DFA793E000EFFB6 /* Sources */ = {
			isa = PBXSourcesBuildPhase;
			buildActionMask = 2147483647;
			files = (
				484DACF11DFA793E000EFFB6 /* STiOSUITests.swift in Sources */,
			);
			runOnlyForDeploymentPostprocessing = 0;
		};
/* End PBXSourcesBuildPhase section */

/* Begin PBXTargetDependency section */
		484DACE31DFA793E000EFFB6 /* PBXTargetDependency */ = {
			isa = PBXTargetDependency;
			target = 484DACCA1DFA793D000EFFB6 /* STiOS */;
			targetProxy = 484DACE21DFA793E000EFFB6 /* PBXContainerItemProxy */;
		};
		484DACEE1DFA793E000EFFB6 /* PBXTargetDependency */ = {
			isa = PBXTargetDependency;
			target = 484DACCA1DFA793D000EFFB6 /* STiOS */;
			targetProxy = 484DACED1DFA793E000EFFB6 /* PBXContainerItemProxy */;
		};
/* End PBXTargetDependency section */

/* Begin PBXVariantGroup section */
		484DACD41DFA793E000EFFB6 /* Main.storyboard */ = {
			isa = PBXVariantGroup;
			children = (
				484DACD51DFA793E000EFFB6 /* Base */,
			);
			name = Main.storyboard;
			sourceTree = "<group>";
		};
		484DACD91DFA793E000EFFB6 /* LaunchScreen.storyboard */ = {
			isa = PBXVariantGroup;
			children = (
				484DACDA1DFA793E000EFFB6 /* Base */,
			);
			name = LaunchScreen.storyboard;
			sourceTree = "<group>";
		};
/* End PBXVariantGroup section */

/* Begin XCBuildConfiguration section */
		484DACF31DFA793E000EFFB6 /* Debug */ = {
			isa = XCBuildConfiguration;
			buildSettings = {
				ALWAYS_SEARCH_USER_PATHS = NO;
				CLANG_ANALYZER_NONNULL = YES;
				CLANG_CXX_LANGUAGE_STANDARD = "gnu++0x";
				CLANG_CXX_LIBRARY = "libc++";
				CLANG_ENABLE_MODULES = YES;
				CLANG_ENABLE_OBJC_ARC = YES;
				CLANG_WARN_BOOL_CONVERSION = YES;
				CLANG_WARN_CONSTANT_CONVERSION = YES;
				CLANG_WARN_DIRECT_OBJC_ISA_USAGE = YES_ERROR;
				CLANG_WARN_DOCUMENTATION_COMMENTS = YES;
				CLANG_WARN_EMPTY_BODY = YES;
				CLANG_WARN_ENUM_CONVERSION = YES;
				CLANG_WARN_INFINITE_RECURSION = YES;
				CLANG_WARN_INT_CONVERSION = YES;
				CLANG_WARN_OBJC_ROOT_CLASS = YES_ERROR;
				CLANG_WARN_SUSPICIOUS_MOVE = YES;
				CLANG_WARN_SUSPICIOUS_MOVES = YES;
				CLANG_WARN_UNREACHABLE_CODE = YES;
				CLANG_WARN__DUPLICATE_METHOD_MATCH = YES;
				"CODE_SIGN_IDENTITY[sdk=iphoneos*]" = "iPhone Developer";
				COPY_PHASE_STRIP = NO;
				DEBUG_INFORMATION_FORMAT = dwarf;
				ENABLE_STRICT_OBJC_MSGSEND = YES;
				ENABLE_TESTABILITY = YES;
				GCC_C_LANGUAGE_STANDARD = gnu99;
				GCC_DYNAMIC_NO_PIC = NO;
				GCC_NO_COMMON_BLOCKS = YES;
				GCC_OPTIMIZATION_LEVEL = 0;
				GCC_PREPROCESSOR_DEFINITIONS = (
					"DEBUG=1",
					"$(inherited)",
				);
				GCC_WARN_64_TO_32_BIT_CONVERSION = YES;
				GCC_WARN_ABOUT_RETURN_TYPE = YES_ERROR;
				GCC_WARN_UNDECLARED_SELECTOR = YES;
				GCC_WARN_UNINITIALIZED_AUTOS = YES_AGGRESSIVE;
				GCC_WARN_UNUSED_FUNCTION = YES;
				GCC_WARN_UNUSED_VARIABLE = YES;
				IPHONEOS_DEPLOYMENT_TARGET = 10.1;
				MTL_ENABLE_DEBUG_INFO = YES;
				ONLY_ACTIVE_ARCH = YES;
				SDKROOT = iphoneos;
				SWIFT_ACTIVE_COMPILATION_CONDITIONS = DEBUG;
				SWIFT_OPTIMIZATION_LEVEL = "-Onone";
				TARGETED_DEVICE_FAMILY = "1,2";
			};
			name = Debug;
		};
		484DACF41DFA793E000EFFB6 /* Release */ = {
			isa = XCBuildConfiguration;
			buildSettings = {
				ALWAYS_SEARCH_USER_PATHS = NO;
				CLANG_ANALYZER_NONNULL = YES;
				CLANG_CXX_LANGUAGE_STANDARD = "gnu++0x";
				CLANG_CXX_LIBRARY = "libc++";
				CLANG_ENABLE_MODULES = YES;
				CLANG_ENABLE_OBJC_ARC = YES;
				CLANG_WARN_BOOL_CONVERSION = YES;
				CLANG_WARN_CONSTANT_CONVERSION = YES;
				CLANG_WARN_DIRECT_OBJC_ISA_USAGE = YES_ERROR;
				CLANG_WARN_DOCUMENTATION_COMMENTS = YES;
				CLANG_WARN_EMPTY_BODY = YES;
				CLANG_WARN_ENUM_CONVERSION = YES;
				CLANG_WARN_INFINITE_RECURSION = YES;
				CLANG_WARN_INT_CONVERSION = YES;
				CLANG_WARN_OBJC_ROOT_CLASS = YES_ERROR;
				CLANG_WARN_SUSPICIOUS_MOVE = YES;
				CLANG_WARN_SUSPICIOUS_MOVES = YES;
				CLANG_WARN_UNREACHABLE_CODE = YES;
				CLANG_WARN__DUPLICATE_METHOD_MATCH = YES;
				"CODE_SIGN_IDENTITY[sdk=iphoneos*]" = "iPhone Developer";
				COPY_PHASE_STRIP = NO;
				DEBUG_INFORMATION_FORMAT = "dwarf-with-dsym";
				ENABLE_NS_ASSERTIONS = NO;
				ENABLE_STRICT_OBJC_MSGSEND = YES;
				GCC_C_LANGUAGE_STANDARD = gnu99;
				GCC_NO_COMMON_BLOCKS = YES;
				GCC_WARN_64_TO_32_BIT_CONVERSION = YES;
				GCC_WARN_ABOUT_RETURN_TYPE = YES_ERROR;
				GCC_WARN_UNDECLARED_SELECTOR = YES;
				GCC_WARN_UNINITIALIZED_AUTOS = YES_AGGRESSIVE;
				GCC_WARN_UNUSED_FUNCTION = YES;
				GCC_WARN_UNUSED_VARIABLE = YES;
				IPHONEOS_DEPLOYMENT_TARGET = 10.1;
				MTL_ENABLE_DEBUG_INFO = NO;
				SDKROOT = iphoneos;
				SWIFT_OPTIMIZATION_LEVEL = "-Owholemodule";
				TARGETED_DEVICE_FAMILY = "1,2";
				VALIDATE_PRODUCT = YES;
			};
			name = Release;
		};
		484DACF61DFA793E000EFFB6 /* Debug */ = {
			isa = XCBuildConfiguration;
			baseConfigurationReference = CD12A4DFB1E5F9F56E26D187 /* Pods-STiOS.debug.xcconfig */;
			buildSettings = {
				ASSETCATALOG_COMPILER_APPICON_NAME = AppIcon;
				DEVELOPMENT_TEAM = 4QW9YEN74F;
				INFOPLIST_FILE = STiOS/Info.plist;
				LD_RUNPATH_SEARCH_PATHS = "$(inherited) @executable_path/Frameworks";
				PRODUCT_BUNDLE_IDENTIFIER = G09.STiOS;
				PRODUCT_NAME = "$(TARGET_NAME)";
				SWIFT_VERSION = 3.0;
			};
			name = Debug;
		};
		484DACF71DFA793E000EFFB6 /* Release */ = {
			isa = XCBuildConfiguration;
			baseConfigurationReference = 136EFC97ACA905E434908F9B /* Pods-STiOS.release.xcconfig */;
			buildSettings = {
				ASSETCATALOG_COMPILER_APPICON_NAME = AppIcon;
				DEVELOPMENT_TEAM = 4QW9YEN74F;
				INFOPLIST_FILE = STiOS/Info.plist;
				LD_RUNPATH_SEARCH_PATHS = "$(inherited) @executable_path/Frameworks";
				PRODUCT_BUNDLE_IDENTIFIER = G09.STiOS;
				PRODUCT_NAME = "$(TARGET_NAME)";
				SWIFT_VERSION = 3.0;
			};
			name = Release;
		};
		484DACF91DFA793E000EFFB6 /* Debug */ = {
			isa = XCBuildConfiguration;
			baseConfigurationReference = 5657F5746F2FCF6964D70834 /* Pods-STiOSTests.debug.xcconfig */;
			buildSettings = {
				ALWAYS_EMBED_SWIFT_STANDARD_LIBRARIES = YES;
				BUNDLE_LOADER = "$(TEST_HOST)";
				INFOPLIST_FILE = STiOSTests/Info.plist;
				LD_RUNPATH_SEARCH_PATHS = "$(inherited) @executable_path/Frameworks @loader_path/Frameworks";
				PRODUCT_BUNDLE_IDENTIFIER = G09.STiOSTests;
				PRODUCT_NAME = "$(TARGET_NAME)";
				SWIFT_VERSION = 3.0;
				TEST_HOST = "$(BUILT_PRODUCTS_DIR)/STiOS.app/STiOS";
			};
			name = Debug;
		};
		484DACFA1DFA793E000EFFB6 /* Release */ = {
			isa = XCBuildConfiguration;
			baseConfigurationReference = 4B04BE26897E0C21D465643E /* Pods-STiOSTests.release.xcconfig */;
			buildSettings = {
				ALWAYS_EMBED_SWIFT_STANDARD_LIBRARIES = YES;
				BUNDLE_LOADER = "$(TEST_HOST)";
				INFOPLIST_FILE = STiOSTests/Info.plist;
				LD_RUNPATH_SEARCH_PATHS = "$(inherited) @executable_path/Frameworks @loader_path/Frameworks";
				PRODUCT_BUNDLE_IDENTIFIER = G09.STiOSTests;
				PRODUCT_NAME = "$(TARGET_NAME)";
				SWIFT_VERSION = 3.0;
				TEST_HOST = "$(BUILT_PRODUCTS_DIR)/STiOS.app/STiOS";
			};
			name = Release;
		};
		484DACFC1DFA793E000EFFB6 /* Debug */ = {
			isa = XCBuildConfiguration;
			baseConfigurationReference = B50B608218BCFF9B639B1350 /* Pods-STiOSUITests.debug.xcconfig */;
			buildSettings = {
				ALWAYS_EMBED_SWIFT_STANDARD_LIBRARIES = YES;
				INFOPLIST_FILE = STiOSUITests/Info.plist;
				LD_RUNPATH_SEARCH_PATHS = "$(inherited) @executable_path/Frameworks @loader_path/Frameworks";
				PRODUCT_BUNDLE_IDENTIFIER = G09.STiOSUITests;
				PRODUCT_NAME = "$(TARGET_NAME)";
				SWIFT_VERSION = 3.0;
				TEST_TARGET_NAME = STiOS;
			};
			name = Debug;
		};
		484DACFD1DFA793E000EFFB6 /* Release */ = {
			isa = XCBuildConfiguration;
			baseConfigurationReference = 0D4BC1DE34083E3C0DBED030 /* Pods-STiOSUITests.release.xcconfig */;
			buildSettings = {
				ALWAYS_EMBED_SWIFT_STANDARD_LIBRARIES = YES;
				INFOPLIST_FILE = STiOSUITests/Info.plist;
				LD_RUNPATH_SEARCH_PATHS = "$(inherited) @executable_path/Frameworks @loader_path/Frameworks";
				PRODUCT_BUNDLE_IDENTIFIER = G09.STiOSUITests;
				PRODUCT_NAME = "$(TARGET_NAME)";
				SWIFT_VERSION = 3.0;
				TEST_TARGET_NAME = STiOS;
			};
			name = Release;
		};
/* End XCBuildConfiguration section */

/* Begin XCConfigurationList section */
		484DACC61DFA793D000EFFB6 /* Build configuration list for PBXProject "STiOS" */ = {
			isa = XCConfigurationList;
			buildConfigurations = (
				484DACF31DFA793E000EFFB6 /* Debug */,
				484DACF41DFA793E000EFFB6 /* Release */,
			);
			defaultConfigurationIsVisible = 0;
			defaultConfigurationName = Release;
		};
		484DACF51DFA793E000EFFB6 /* Build configuration list for PBXNativeTarget "STiOS" */ = {
			isa = XCConfigurationList;
			buildConfigurations = (
				484DACF61DFA793E000EFFB6 /* Debug */,
				484DACF71DFA793E000EFFB6 /* Release */,
			);
			defaultConfigurationIsVisible = 0;
			defaultConfigurationName = Release;
		};
		484DACF81DFA793E000EFFB6 /* Build configuration list for PBXNativeTarget "STiOSTests" */ = {
			isa = XCConfigurationList;
			buildConfigurations = (
				484DACF91DFA793E000EFFB6 /* Debug */,
				484DACFA1DFA793E000EFFB6 /* Release */,
			);
			defaultConfigurationIsVisible = 0;
			defaultConfigurationName = Release;
		};
		484DACFB1DFA793E000EFFB6 /* Build configuration list for PBXNativeTarget "STiOSUITests" */ = {
			isa = XCConfigurationList;
			buildConfigurations = (
				484DACFC1DFA793E000EFFB6 /* Debug */,
				484DACFD1DFA793E000EFFB6 /* Release */,
			);
			defaultConfigurationIsVisible = 0;
			defaultConfigurationName = Release;
		};
/* End XCConfigurationList section */
	};
	rootObject = 484DACC31DFA793D000EFFB6 /* Project object */;
}
